
Microsoft Visual Studio Solution File, Format Version 12.00
# Visual Studio Version 16
VisualStudioVersion = 16.0.30517.126
MinimumVisualStudioVersion = 10.0.40219.1
Project("{8BC9CEB8-8B4A-11D0-8D11-00A0C91BC942}") = "CSE2383_prog_3", "CSE2383_prog_3.vcxproj", "{4B059D65-826B-4FB9-AE9D-46B7FCC770C0}"
EndProject
Global
	GlobalSection(SolutionConfigurationPlatforms) = preSolution
		Debug|x64 = Debug|x64
		Debug|x86 = Debug|x86
		Release|x64 = Release|x64
		Release|x86 = Release|x86
	EndGlobalSection
	GlobalSection(ProjectConfigurationPlatforms) = postSolution
		{4B059D65-826B-4FB9-AE9D-46B7FCC770C0}.Debug|x64.ActiveCfg = Debug|x64
		{4B059D65-826B-4FB9-AE9D-46B7FCC770C0}.Debug|x64.Build.0 = Debug|x64
		{4B059D65-826B-4FB9-AE9D-46B7FCC770C0}.Debug|x86.ActiveCfg = Debug|Win32
		{4B059D65-826B-4FB9-AE9D-46B7FCC770C0}.Debug|x86.Build.0 = Debug|Win32
		{4B059D65-826B-4FB9-AE9D-46B7FCC770C0}.Release|x64.ActiveCfg = Release|x64
		{4B059D65-826B-4FB9-AE9D-46B7FCC770C0}.Release|x64.Build.0 = Release|x64
		{4B059D65-826B-4FB9-AE9D-46B7FCC770C0}.Release|x86.ActiveCfg = Release|Win32
		{4B059D65-826B-4FB9-AE9D-46B7FCC770C0}.Release|x86.Build.0 = Release|Win32
	EndGlobalSection
	GlobalSection(SolutionProperties) = preSolution
		HideSolutionNode = FALSE
	EndGlobalSection
	GlobalSection(ExtensibilityGlobals) = postSolution
		SolutionGuid = {F38A6519-F983-4085-9B17-79B60C82BA49}
	EndGlobalSection
EndGlobal
